// !$*UTF8*$!
{
	archiveVersion = 1;
	classes = {
	};
	objectVersion = 56;
	objects = {

/* Begin PBXBuildFile section */
		38142DF72B6659C50060E328 /* ApiError.swift in Sources */ = {isa = PBXBuildFile; fileRef = 38142DF62B6659C50060E328 /* ApiError.swift */; };
		38142DFD2B665A1E0060E328 /* Container+Domain.swift in Sources */ = {isa = PBXBuildFile; fileRef = 38142DF92B665A1E0060E328 /* Container+Domain.swift */; };
		38142DFE2B665A1E0060E328 /* Resolver.swift in Sources */ = {isa = PBXBuildFile; fileRef = 38142DFA2B665A1E0060E328 /* Resolver.swift */; };
		38142DFF2B665A1E0060E328 /* Container+Data.swift in Sources */ = {isa = PBXBuildFile; fileRef = 38142DFB2B665A1E0060E328 /* Container+Data.swift */; };
		38142E002B665A1E0060E328 /* Container.swift in Sources */ = {isa = PBXBuildFile; fileRef = 38142DFC2B665A1E0060E328 /* Container.swift */; };
		38142E052B665DAE0060E328 /* ApiDataSource.swift in Sources */ = {isa = PBXBuildFile; fileRef = 38142E042B665DAE0060E328 /* ApiDataSource.swift */; };
		38142E072B665F4B0060E328 /* GithubRepository.swift in Sources */ = {isa = PBXBuildFile; fileRef = 38142E062B665F4B0060E328 /* GithubRepository.swift */; };
		38142E0A2B665FE30060E328 /* ApiDataSourceImplementation.swift in Sources */ = {isa = PBXBuildFile; fileRef = 38142E092B665FE30060E328 /* ApiDataSourceImplementation.swift */; };
		38142E0F2B6660DD0060E328 /* Repository.swift in Sources */ = {isa = PBXBuildFile; fileRef = 38142E0E2B6660DD0060E328 /* Repository.swift */; };
		38142E112B66612C0060E328 /* GithubRepositoryEntity.swift in Sources */ = {isa = PBXBuildFile; fileRef = 38142E102B66612C0060E328 /* GithubRepositoryEntity.swift */; };
		38142E132B66616E0060E328 /* RepositoryImplementation.swift in Sources */ = {isa = PBXBuildFile; fileRef = 38142E122B66616E0060E328 /* RepositoryImplementation.swift */; };
		38142E152B6662060060E328 /* GetSearchResultsUseCase.swift in Sources */ = {isa = PBXBuildFile; fileRef = 38142E142B6662060060E328 /* GetSearchResultsUseCase.swift */; };
		38142E172B6678C20060E328 /* Owner.swift in Sources */ = {isa = PBXBuildFile; fileRef = 38142E162B6678C20060E328 /* Owner.swift */; };
		38142E192B6686F30060E328 /* GithubRepositoryWrapper.swift in Sources */ = {isa = PBXBuildFile; fileRef = 38142E182B6686F30060E328 /* GithubRepositoryWrapper.swift */; };
		38142E1D2B66E6560060E328 /* GithubRepositoriesViewModel.swift in Sources */ = {isa = PBXBuildFile; fileRef = 38142E1C2B66E6560060E328 /* GithubRepositoriesViewModel.swift */; };
		38142E1F2B6709B00060E328 /* PreviewGithubRepositoriesViewModel.swift in Sources */ = {isa = PBXBuildFile; fileRef = 38142E1E2B6709B00060E328 /* PreviewGithubRepositoriesViewModel.swift */; };
		38142E222B6715E30060E328 /* GithubRepositoryView.swift in Sources */ = {isa = PBXBuildFile; fileRef = 38142E212B6715E30060E328 /* GithubRepositoryView.swift */; };
		382E83D32B6BA07900812563 /* GithubRepositoriesViewModelTests.swift in Sources */ = {isa = PBXBuildFile; fileRef = 382E83D22B6BA07900812563 /* GithubRepositoriesViewModelTests.swift */; };
		382E83D52B6BBFD100812563 /* Container+Mock.swift in Sources */ = {isa = PBXBuildFile; fileRef = 382E83D42B6BBFD100812563 /* Container+Mock.swift */; };
		382E83D72B6BC0B600812563 /* MockResolver.swift in Sources */ = {isa = PBXBuildFile; fileRef = 382E83D62B6BC0B600812563 /* MockResolver.swift */; };
		383E47762B6A5F8900CAA2C8 /* GetSearchResultsResponse.json in Resources */ = {isa = PBXBuildFile; fileRef = 383E47752B6A5F8900CAA2C8 /* GetSearchResultsResponse.json */; };
		383E47782B6A9E0700CAA2C8 /* GetSearchResultsValidationFailedResponse.json in Resources */ = {isa = PBXBuildFile; fileRef = 383E47772B6A9E0700CAA2C8 /* GetSearchResultsValidationFailedResponse.json */; };
		383E477A2B6AE6F100CAA2C8 /* GetSearchResultsIncorrectResponse.json in Resources */ = {isa = PBXBuildFile; fileRef = 383E47792B6AE6F100CAA2C8 /* GetSearchResultsIncorrectResponse.json */; };
		383E477C2B6AFC1700CAA2C8 /* RequestBuilder.swift in Sources */ = {isa = PBXBuildFile; fileRef = 383E477B2B6AFC1700CAA2C8 /* RequestBuilder.swift */; };
		383E477E2B6AFCC500CAA2C8 /* RequestBuilderImplementation.swift in Sources */ = {isa = PBXBuildFile; fileRef = 383E477D2B6AFCC500CAA2C8 /* RequestBuilderImplementation.swift */; };
		383E47802B6AFE1400CAA2C8 /* ApiDataSourceImplementationTests.swift in Sources */ = {isa = PBXBuildFile; fileRef = 383E477F2B6AFE1400CAA2C8 /* ApiDataSourceImplementationTests.swift */; };
		383E47822B6B093100CAA2C8 /* RepositoryImplementationTests.swift in Sources */ = {isa = PBXBuildFile; fileRef = 383E47812B6B093100CAA2C8 /* RepositoryImplementationTests.swift */; };
		383E47842B6B0A2400CAA2C8 /* GetSearchResultsUseCaseImplementationTests.swift in Sources */ = {isa = PBXBuildFile; fileRef = 383E47832B6B0A2400CAA2C8 /* GetSearchResultsUseCaseImplementationTests.swift */; };
		387124B02B65C147001C319B /* GithubSearchRepositoriesApp.swift in Sources */ = {isa = PBXBuildFile; fileRef = 387124AF2B65C147001C319B /* GithubSearchRepositoriesApp.swift */; };
		387124B22B65C147001C319B /* GithubRepositoriesView.swift in Sources */ = {isa = PBXBuildFile; fileRef = 387124B12B65C147001C319B /* GithubRepositoriesView.swift */; };
		387124B42B65C148001C319B /* Assets.xcassets in Resources */ = {isa = PBXBuildFile; fileRef = 387124B32B65C148001C319B /* Assets.xcassets */; };
		387124B72B65C148001C319B /* Preview Assets.xcassets in Resources */ = {isa = PBXBuildFile; fileRef = 387124B62B65C148001C319B /* Preview Assets.xcassets */; };
		387124C12B65C148001C319B /* RequestBuilderImplementationTests.swift in Sources */ = {isa = PBXBuildFile; fileRef = 387124C02B65C148001C319B /* RequestBuilderImplementationTests.swift */; };
		387124CB2B65C148001C319B /* GithubSearchRepositoriesUITests.swift in Sources */ = {isa = PBXBuildFile; fileRef = 387124CA2B65C148001C319B /* GithubSearchRepositoriesUITests.swift */; };
		387124CD2B65C148001C319B /* GithubSearchRepositoriesUITestsLaunchTests.swift in Sources */ = {isa = PBXBuildFile; fileRef = 387124CC2B65C148001C319B /* GithubSearchRepositoriesUITestsLaunchTests.swift */; };
		3881FDBA2B679D0E00FEBB7F /* PreviewGithubRepositories.swift in Sources */ = {isa = PBXBuildFile; fileRef = 3881FDB92B679D0E00FEBB7F /* PreviewGithubRepositories.swift */; };
		3881FDBD2B67AFF600FEBB7F /* CircleAsyncImage.swift in Sources */ = {isa = PBXBuildFile; fileRef = 3881FDBC2B67AFF600FEBB7F /* CircleAsyncImage.swift */; };
		3881FDBF2B67CB6E00FEBB7F /* WebView.swift in Sources */ = {isa = PBXBuildFile; fileRef = 3881FDBE2B67CB6E00FEBB7F /* WebView.swift */; };
		3881FDC12B68462400FEBB7F /* LoadingIndicatorView.swift in Sources */ = {isa = PBXBuildFile; fileRef = 3881FDC02B68462400FEBB7F /* LoadingIndicatorView.swift */; };
		388CCA022B6963FC00D983F3 /* MockURLProtocol.swift in Sources */ = {isa = PBXBuildFile; fileRef = 388CCA012B6963FC00D983F3 /* MockURLProtocol.swift */; };
		388CCA042B69A9A600D983F3 /* MockResponseProvider.swift in Sources */ = {isa = PBXBuildFile; fileRef = 388CCA032B69A9A600D983F3 /* MockResponseProvider.swift */; };
/* End PBXBuildFile section */

/* Begin PBXContainerItemProxy section */
		387124BD2B65C148001C319B /* PBXContainerItemProxy */ = {
			isa = PBXContainerItemProxy;
			containerPortal = 387124A42B65C147001C319B /* Project object */;
			proxyType = 1;
			remoteGlobalIDString = 387124AB2B65C147001C319B;
			remoteInfo = GithubSearchRepositories;
		};
		387124C72B65C148001C319B /* PBXContainerItemProxy */ = {
			isa = PBXContainerItemProxy;
			containerPortal = 387124A42B65C147001C319B /* Project object */;
			proxyType = 1;
			remoteGlobalIDString = 387124AB2B65C147001C319B;
			remoteInfo = GithubSearchRepositories;
		};
/* End PBXContainerItemProxy section */

/* Begin PBXFileReference section */
		38142DF62B6659C50060E328 /* ApiError.swift */ = {isa = PBXFileReference; lastKnownFileType = sourcecode.swift; path = ApiError.swift; sourceTree = "<group>"; };
		38142DF92B665A1E0060E328 /* Container+Domain.swift */ = {isa = PBXFileReference; fileEncoding = 4; lastKnownFileType = sourcecode.swift; path = "Container+Domain.swift"; sourceTree = "<group>"; };
		38142DFA2B665A1E0060E328 /* Resolver.swift */ = {isa = PBXFileReference; fileEncoding = 4; lastKnownFileType = sourcecode.swift; path = Resolver.swift; sourceTree = "<group>"; };
		38142DFB2B665A1E0060E328 /* Container+Data.swift */ = {isa = PBXFileReference; fileEncoding = 4; lastKnownFileType = sourcecode.swift; path = "Container+Data.swift"; sourceTree = "<group>"; };
		38142DFC2B665A1E0060E328 /* Container.swift */ = {isa = PBXFileReference; fileEncoding = 4; lastKnownFileType = sourcecode.swift; path = Container.swift; sourceTree = "<group>"; };
		38142E042B665DAE0060E328 /* ApiDataSource.swift */ = {isa = PBXFileReference; lastKnownFileType = sourcecode.swift; path = ApiDataSource.swift; sourceTree = "<group>"; };
		38142E062B665F4B0060E328 /* GithubRepository.swift */ = {isa = PBXFileReference; lastKnownFileType = sourcecode.swift; path = GithubRepository.swift; sourceTree = "<group>"; };
		38142E092B665FE30060E328 /* ApiDataSourceImplementation.swift */ = {isa = PBXFileReference; lastKnownFileType = sourcecode.swift; path = ApiDataSourceImplementation.swift; sourceTree = "<group>"; };
		38142E0E2B6660DD0060E328 /* Repository.swift */ = {isa = PBXFileReference; lastKnownFileType = sourcecode.swift; path = Repository.swift; sourceTree = "<group>"; };
		38142E102B66612C0060E328 /* GithubRepositoryEntity.swift */ = {isa = PBXFileReference; lastKnownFileType = sourcecode.swift; path = GithubRepositoryEntity.swift; sourceTree = "<group>"; };
		38142E122B66616E0060E328 /* RepositoryImplementation.swift */ = {isa = PBXFileReference; lastKnownFileType = sourcecode.swift; path = RepositoryImplementation.swift; sourceTree = "<group>"; };
		38142E142B6662060060E328 /* GetSearchResultsUseCase.swift */ = {isa = PBXFileReference; lastKnownFileType = sourcecode.swift; path = GetSearchResultsUseCase.swift; sourceTree = "<group>"; };
		38142E162B6678C20060E328 /* Owner.swift */ = {isa = PBXFileReference; lastKnownFileType = sourcecode.swift; path = Owner.swift; sourceTree = "<group>"; };
		38142E182B6686F30060E328 /* GithubRepositoryWrapper.swift */ = {isa = PBXFileReference; lastKnownFileType = sourcecode.swift; path = GithubRepositoryWrapper.swift; sourceTree = "<group>"; };
		38142E1C2B66E6560060E328 /* GithubRepositoriesViewModel.swift */ = {isa = PBXFileReference; lastKnownFileType = sourcecode.swift; path = GithubRepositoriesViewModel.swift; sourceTree = "<group>"; };
		38142E1E2B6709B00060E328 /* PreviewGithubRepositoriesViewModel.swift */ = {isa = PBXFileReference; lastKnownFileType = sourcecode.swift; path = PreviewGithubRepositoriesViewModel.swift; sourceTree = "<group>"; };
		38142E212B6715E30060E328 /* GithubRepositoryView.swift */ = {isa = PBXFileReference; lastKnownFileType = sourcecode.swift; path = GithubRepositoryView.swift; sourceTree = "<group>"; };
		382E83D22B6BA07900812563 /* GithubRepositoriesViewModelTests.swift */ = {isa = PBXFileReference; lastKnownFileType = sourcecode.swift; path = GithubRepositoriesViewModelTests.swift; sourceTree = "<group>"; };
		382E83D42B6BBFD100812563 /* Container+Mock.swift */ = {isa = PBXFileReference; lastKnownFileType = sourcecode.swift; path = "Container+Mock.swift"; sourceTree = "<group>"; };
		382E83D62B6BC0B600812563 /* MockResolver.swift */ = {isa = PBXFileReference; lastKnownFileType = sourcecode.swift; path = MockResolver.swift; sourceTree = "<group>"; };
		383E47752B6A5F8900CAA2C8 /* GetSearchResultsResponse.json */ = {isa = PBXFileReference; lastKnownFileType = text.json; path = GetSearchResultsResponse.json; sourceTree = "<group>"; };
		383E47772B6A9E0700CAA2C8 /* GetSearchResultsValidationFailedResponse.json */ = {isa = PBXFileReference; lastKnownFileType = text.json; path = GetSearchResultsValidationFailedResponse.json; sourceTree = "<group>"; };
		383E47792B6AE6F100CAA2C8 /* GetSearchResultsIncorrectResponse.json */ = {isa = PBXFileReference; lastKnownFileType = text.json; path = GetSearchResultsIncorrectResponse.json; sourceTree = "<group>"; };
		383E477B2B6AFC1700CAA2C8 /* RequestBuilder.swift */ = {isa = PBXFileReference; lastKnownFileType = sourcecode.swift; path = RequestBuilder.swift; sourceTree = "<group>"; };
		383E477D2B6AFCC500CAA2C8 /* RequestBuilderImplementation.swift */ = {isa = PBXFileReference; lastKnownFileType = sourcecode.swift; path = RequestBuilderImplementation.swift; sourceTree = "<group>"; };
		383E477F2B6AFE1400CAA2C8 /* ApiDataSourceImplementationTests.swift */ = {isa = PBXFileReference; lastKnownFileType = sourcecode.swift; path = ApiDataSourceImplementationTests.swift; sourceTree = "<group>"; };
		383E47812B6B093100CAA2C8 /* RepositoryImplementationTests.swift */ = {isa = PBXFileReference; lastKnownFileType = sourcecode.swift; path = RepositoryImplementationTests.swift; sourceTree = "<group>"; };
		383E47832B6B0A2400CAA2C8 /* GetSearchResultsUseCaseImplementationTests.swift */ = {isa = PBXFileReference; lastKnownFileType = sourcecode.swift; path = GetSearchResultsUseCaseImplementationTests.swift; sourceTree = "<group>"; };
		387124AC2B65C147001C319B /* GithubSearchRepositories.app */ = {isa = PBXFileReference; explicitFileType = wrapper.application; includeInIndex = 0; path = GithubSearchRepositories.app; sourceTree = BUILT_PRODUCTS_DIR; };
		387124AF2B65C147001C319B /* GithubSearchRepositoriesApp.swift */ = {isa = PBXFileReference; lastKnownFileType = sourcecode.swift; path = GithubSearchRepositoriesApp.swift; sourceTree = "<group>"; };
		387124B12B65C147001C319B /* GithubRepositoriesView.swift */ = {isa = PBXFileReference; lastKnownFileType = sourcecode.swift; path = GithubRepositoriesView.swift; sourceTree = "<group>"; };
		387124B32B65C148001C319B /* Assets.xcassets */ = {isa = PBXFileReference; lastKnownFileType = folder.assetcatalog; path = Assets.xcassets; sourceTree = "<group>"; };
		387124B62B65C148001C319B /* Preview Assets.xcassets */ = {isa = PBXFileReference; lastKnownFileType = folder.assetcatalog; path = "Preview Assets.xcassets"; sourceTree = "<group>"; };
		387124BC2B65C148001C319B /* GithubSearchRepositoriesTests.xctest */ = {isa = PBXFileReference; explicitFileType = wrapper.cfbundle; includeInIndex = 0; path = GithubSearchRepositoriesTests.xctest; sourceTree = BUILT_PRODUCTS_DIR; };
		387124C02B65C148001C319B /* RequestBuilderImplementationTests.swift */ = {isa = PBXFileReference; lastKnownFileType = sourcecode.swift; path = RequestBuilderImplementationTests.swift; sourceTree = "<group>"; };
		387124C62B65C148001C319B /* GithubSearchRepositoriesUITests.xctest */ = {isa = PBXFileReference; explicitFileType = wrapper.cfbundle; includeInIndex = 0; path = GithubSearchRepositoriesUITests.xctest; sourceTree = BUILT_PRODUCTS_DIR; };
		387124CA2B65C148001C319B /* GithubSearchRepositoriesUITests.swift */ = {isa = PBXFileReference; lastKnownFileType = sourcecode.swift; path = GithubSearchRepositoriesUITests.swift; sourceTree = "<group>"; };
		387124CC2B65C148001C319B /* GithubSearchRepositoriesUITestsLaunchTests.swift */ = {isa = PBXFileReference; lastKnownFileType = sourcecode.swift; path = GithubSearchRepositoriesUITestsLaunchTests.swift; sourceTree = "<group>"; };
		3881FDB92B679D0E00FEBB7F /* PreviewGithubRepositories.swift */ = {isa = PBXFileReference; lastKnownFileType = sourcecode.swift; path = PreviewGithubRepositories.swift; sourceTree = "<group>"; };
		3881FDBC2B67AFF600FEBB7F /* CircleAsyncImage.swift */ = {isa = PBXFileReference; lastKnownFileType = sourcecode.swift; path = CircleAsyncImage.swift; sourceTree = "<group>"; };
		3881FDBE2B67CB6E00FEBB7F /* WebView.swift */ = {isa = PBXFileReference; lastKnownFileType = sourcecode.swift; path = WebView.swift; sourceTree = "<group>"; };
		3881FDC02B68462400FEBB7F /* LoadingIndicatorView.swift */ = {isa = PBXFileReference; lastKnownFileType = sourcecode.swift; path = LoadingIndicatorView.swift; sourceTree = "<group>"; };
		388CCA012B6963FC00D983F3 /* MockURLProtocol.swift */ = {isa = PBXFileReference; lastKnownFileType = sourcecode.swift; path = MockURLProtocol.swift; sourceTree = "<group>"; };
		388CCA032B69A9A600D983F3 /* MockResponseProvider.swift */ = {isa = PBXFileReference; lastKnownFileType = sourcecode.swift; path = MockResponseProvider.swift; sourceTree = "<group>"; };
/* End PBXFileReference section */

/* Begin PBXFrameworksBuildPhase section */
		387124A92B65C147001C319B /* Frameworks */ = {
			isa = PBXFrameworksBuildPhase;
			buildActionMask = 2147483647;
			files = (
			);
			runOnlyForDeploymentPostprocessing = 0;
		};
		387124B92B65C148001C319B /* Frameworks */ = {
			isa = PBXFrameworksBuildPhase;
			buildActionMask = 2147483647;
			files = (
			);
			runOnlyForDeploymentPostprocessing = 0;
		};
		387124C32B65C148001C319B /* Frameworks */ = {
			isa = PBXFrameworksBuildPhase;
			buildActionMask = 2147483647;
			files = (
			);
			runOnlyForDeploymentPostprocessing = 0;
		};
/* End PBXFrameworksBuildPhase section */

/* Begin PBXGroup section */
		38142DF12B66590A0060E328 /* Core */ = {
			isa = PBXGroup;
			children = (
				38142DF82B6659D70060E328 /* DI */,
				38142DF52B66598C0060E328 /* Error */,
			);
			path = Core;
			sourceTree = "<group>";
		};
		38142DF22B6659130060E328 /* Data */ = {
			isa = PBXGroup;
			children = (
				38142E012B665D780060E328 /* DataSource */,
				38142E082B665F9C0060E328 /* Repository */,
			);
			path = Data;
			sourceTree = "<group>";
		};
		38142DF32B6659190060E328 /* Domain */ = {
			isa = PBXGroup;
			children = (
				38142E0B2B66607C0060E328 /* Entity */,
				38142E0C2B66608A0060E328 /* Repository */,
				38142E0D2B66609C0060E328 /* UseCase */,
			);
			path = Domain;
			sourceTree = "<group>";
		};
		38142DF42B6659250060E328 /* Presentation */ = {
			isa = PBXGroup;
			children = (
				3881FDBB2B67AFD100FEBB7F /* Common */,
				38142E202B670FEE0060E328 /* GithubRepositories */,
			);
			path = Presentation;
			sourceTree = "<group>";
		};
		38142DF52B66598C0060E328 /* Error */ = {
			isa = PBXGroup;
			children = (
				38142DF62B6659C50060E328 /* ApiError.swift */,
			);
			path = Error;
			sourceTree = "<group>";
		};
		38142DF82B6659D70060E328 /* DI */ = {
			isa = PBXGroup;
			children = (
				38142DFC2B665A1E0060E328 /* Container.swift */,
				38142DFB2B665A1E0060E328 /* Container+Data.swift */,
				38142DF92B665A1E0060E328 /* Container+Domain.swift */,
				38142DFA2B665A1E0060E328 /* Resolver.swift */,
			);
			path = DI;
			sourceTree = "<group>";
		};
		38142E012B665D780060E328 /* DataSource */ = {
			isa = PBXGroup;
			children = (
				38142E022B665D830060E328 /* Api */,
			);
			path = DataSource;
			sourceTree = "<group>";
		};
		38142E022B665D830060E328 /* Api */ = {
			isa = PBXGroup;
			children = (
				38142E032B665D950060E328 /* Model */,
				38142E042B665DAE0060E328 /* ApiDataSource.swift */,
				383E477B2B6AFC1700CAA2C8 /* RequestBuilder.swift */,
			);
			path = Api;
			sourceTree = "<group>";
		};
		38142E032B665D950060E328 /* Model */ = {
			isa = PBXGroup;
			children = (
				38142E062B665F4B0060E328 /* GithubRepository.swift */,
				38142E182B6686F30060E328 /* GithubRepositoryWrapper.swift */,
				38142E162B6678C20060E328 /* Owner.swift */,
			);
			path = Model;
			sourceTree = "<group>";
		};
		38142E082B665F9C0060E328 /* Repository */ = {
			isa = PBXGroup;
			children = (
				38142E092B665FE30060E328 /* ApiDataSourceImplementation.swift */,
				38142E122B66616E0060E328 /* RepositoryImplementation.swift */,
				383E477D2B6AFCC500CAA2C8 /* RequestBuilderImplementation.swift */,
			);
			path = Repository;
			sourceTree = "<group>";
		};
		38142E0B2B66607C0060E328 /* Entity */ = {
			isa = PBXGroup;
			children = (
				38142E102B66612C0060E328 /* GithubRepositoryEntity.swift */,
			);
			path = Entity;
			sourceTree = "<group>";
		};
		38142E0C2B66608A0060E328 /* Repository */ = {
			isa = PBXGroup;
			children = (
				38142E0E2B6660DD0060E328 /* Repository.swift */,
			);
			path = Repository;
			sourceTree = "<group>";
		};
		38142E0D2B66609C0060E328 /* UseCase */ = {
			isa = PBXGroup;
			children = (
				38142E142B6662060060E328 /* GetSearchResultsUseCase.swift */,
			);
			path = UseCase;
			sourceTree = "<group>";
		};
		38142E202B670FEE0060E328 /* GithubRepositories */ = {
			isa = PBXGroup;
			children = (
				387124B12B65C147001C319B /* GithubRepositoriesView.swift */,
				38142E1C2B66E6560060E328 /* GithubRepositoriesViewModel.swift */,
				38142E212B6715E30060E328 /* GithubRepositoryView.swift */,
			);
			path = GithubRepositories;
			sourceTree = "<group>";
		};
		383E47712B6A3D0600CAA2C8 /* Mock */ = {
			isa = PBXGroup;
			children = (
				382E83D42B6BBFD100812563 /* Container+Mock.swift */,
				382E83D62B6BC0B600812563 /* MockResolver.swift */,
				388CCA032B69A9A600D983F3 /* MockResponseProvider.swift */,
				388CCA012B6963FC00D983F3 /* MockURLProtocol.swift */,
			);
			path = Mock;
			sourceTree = "<group>";
		};
		383E47722B6A3D2400CAA2C8 /* Test */ = {
			isa = PBXGroup;
			children = (
				383E477F2B6AFE1400CAA2C8 /* ApiDataSourceImplementationTests.swift */,
				383E47832B6B0A2400CAA2C8 /* GetSearchResultsUseCaseImplementationTests.swift */,
				382E83D22B6BA07900812563 /* GithubRepositoriesViewModelTests.swift */,
				383E47812B6B093100CAA2C8 /* RepositoryImplementationTests.swift */,
				387124C02B65C148001C319B /* RequestBuilderImplementationTests.swift */,
			);
			path = Test;
			sourceTree = "<group>";
		};
		383E47732B6A3D2B00CAA2C8 /* Resource */ = {
			isa = PBXGroup;
			children = (
				383E47792B6AE6F100CAA2C8 /* GetSearchResultsIncorrectResponse.json */,
				383E47752B6A5F8900CAA2C8 /* GetSearchResultsResponse.json */,
				383E47772B6A9E0700CAA2C8 /* GetSearchResultsValidationFailedResponse.json */,
			);
			path = Resource;
			sourceTree = "<group>";
		};
		387124A32B65C147001C319B = {
			isa = PBXGroup;
			children = (
				387124AE2B65C147001C319B /* GithubSearchRepositories */,
				387124BF2B65C148001C319B /* GithubSearchRepositoriesTests */,
				387124C92B65C148001C319B /* GithubSearchRepositoriesUITests */,
				387124AD2B65C147001C319B /* Products */,
			);
			sourceTree = "<group>";
		};
		387124AD2B65C147001C319B /* Products */ = {
			isa = PBXGroup;
			children = (
				387124AC2B65C147001C319B /* GithubSearchRepositories.app */,
				387124BC2B65C148001C319B /* GithubSearchRepositoriesTests.xctest */,
				387124C62B65C148001C319B /* GithubSearchRepositoriesUITests.xctest */,
			);
			name = Products;
			sourceTree = "<group>";
		};
		387124AE2B65C147001C319B /* GithubSearchRepositories */ = {
			isa = PBXGroup;
			children = (
				38142DF12B66590A0060E328 /* Core */,
				38142DF22B6659130060E328 /* Data */,
				38142DF32B6659190060E328 /* Domain */,
				38142DF42B6659250060E328 /* Presentation */,
				387124B52B65C148001C319B /* Preview Content */,
				387124B32B65C148001C319B /* Assets.xcassets */,
				387124AF2B65C147001C319B /* GithubSearchRepositoriesApp.swift */,
			);
			path = GithubSearchRepositories;
			sourceTree = "<group>";
		};
		387124B52B65C148001C319B /* Preview Content */ = {
			isa = PBXGroup;
			children = (
				387124B62B65C148001C319B /* Preview Assets.xcassets */,
				3881FDB92B679D0E00FEBB7F /* PreviewGithubRepositories.swift */,
				38142E1E2B6709B00060E328 /* PreviewGithubRepositoriesViewModel.swift */,
			);
			path = "Preview Content";
			sourceTree = "<group>";
		};
		387124BF2B65C148001C319B /* GithubSearchRepositoriesTests */ = {
			isa = PBXGroup;
			children = (
				383E47712B6A3D0600CAA2C8 /* Mock */,
				383E47732B6A3D2B00CAA2C8 /* Resource */,
				383E47722B6A3D2400CAA2C8 /* Test */,
			);
			path = GithubSearchRepositoriesTests;
			sourceTree = "<group>";
		};
		387124C92B65C148001C319B /* GithubSearchRepositoriesUITests */ = {
			isa = PBXGroup;
			children = (
				387124CA2B65C148001C319B /* GithubSearchRepositoriesUITests.swift */,
				387124CC2B65C148001C319B /* GithubSearchRepositoriesUITestsLaunchTests.swift */,
			);
			path = GithubSearchRepositoriesUITests;
			sourceTree = "<group>";
		};
		3881FDBB2B67AFD100FEBB7F /* Common */ = {
			isa = PBXGroup;
			children = (
				3881FDBC2B67AFF600FEBB7F /* CircleAsyncImage.swift */,
				3881FDC02B68462400FEBB7F /* LoadingIndicatorView.swift */,
				3881FDBE2B67CB6E00FEBB7F /* WebView.swift */,
			);
			path = Common;
			sourceTree = "<group>";
		};
/* End PBXGroup section */

/* Begin PBXNativeTarget section */
		387124AB2B65C147001C319B /* GithubSearchRepositories */ = {
			isa = PBXNativeTarget;
			buildConfigurationList = 387124D02B65C148001C319B /* Build configuration list for PBXNativeTarget "GithubSearchRepositories" */;
			buildPhases = (
				387124A82B65C147001C319B /* Sources */,
				387124A92B65C147001C319B /* Frameworks */,
				387124AA2B65C147001C319B /* Resources */,
			);
			buildRules = (
			);
			dependencies = (
			);
			name = GithubSearchRepositories;
			productName = GithubSearchRepositories;
			productReference = 387124AC2B65C147001C319B /* GithubSearchRepositories.app */;
			productType = "com.apple.product-type.application";
		};
		387124BB2B65C148001C319B /* GithubSearchRepositoriesTests */ = {
			isa = PBXNativeTarget;
			buildConfigurationList = 387124D32B65C148001C319B /* Build configuration list for PBXNativeTarget "GithubSearchRepositoriesTests" */;
			buildPhases = (
				387124B82B65C148001C319B /* Sources */,
				387124B92B65C148001C319B /* Frameworks */,
				387124BA2B65C148001C319B /* Resources */,
			);
			buildRules = (
			);
			dependencies = (
				387124BE2B65C148001C319B /* PBXTargetDependency */,
			);
			name = GithubSearchRepositoriesTests;
			productName = GithubSearchRepositoriesTests;
			productReference = 387124BC2B65C148001C319B /* GithubSearchRepositoriesTests.xctest */;
			productType = "com.apple.product-type.bundle.unit-test";
		};
		387124C52B65C148001C319B /* GithubSearchRepositoriesUITests */ = {
			isa = PBXNativeTarget;
			buildConfigurationList = 387124D62B65C148001C319B /* Build configuration list for PBXNativeTarget "GithubSearchRepositoriesUITests" */;
			buildPhases = (
				387124C22B65C148001C319B /* Sources */,
				387124C32B65C148001C319B /* Frameworks */,
				387124C42B65C148001C319B /* Resources */,
			);
			buildRules = (
			);
			dependencies = (
				387124C82B65C148001C319B /* PBXTargetDependency */,
			);
			name = GithubSearchRepositoriesUITests;
			productName = GithubSearchRepositoriesUITests;
			productReference = 387124C62B65C148001C319B /* GithubSearchRepositoriesUITests.xctest */;
			productType = "com.apple.product-type.bundle.ui-testing";
		};
/* End PBXNativeTarget section */

/* Begin PBXProject section */
		387124A42B65C147001C319B /* Project object */ = {
			isa = PBXProject;
			attributes = {
				BuildIndependentTargetsInParallel = 1;
				LastSwiftUpdateCheck = 1520;
				LastUpgradeCheck = 1520;
				TargetAttributes = {
					387124AB2B65C147001C319B = {
						CreatedOnToolsVersion = 15.2;
					};
					387124BB2B65C148001C319B = {
						CreatedOnToolsVersion = 15.2;
						TestTargetID = 387124AB2B65C147001C319B;
					};
					387124C52B65C148001C319B = {
						CreatedOnToolsVersion = 15.2;
						TestTargetID = 387124AB2B65C147001C319B;
					};
				};
			};
			buildConfigurationList = 387124A72B65C147001C319B /* Build configuration list for PBXProject "GithubSearchRepositories" */;
			compatibilityVersion = "Xcode 14.0";
			developmentRegion = en;
			hasScannedForEncodings = 0;
			knownRegions = (
				en,
				Base,
			);
			mainGroup = 387124A32B65C147001C319B;
			productRefGroup = 387124AD2B65C147001C319B /* Products */;
			projectDirPath = "";
			projectRoot = "";
			targets = (
				387124AB2B65C147001C319B /* GithubSearchRepositories */,
				387124BB2B65C148001C319B /* GithubSearchRepositoriesTests */,
				387124C52B65C148001C319B /* GithubSearchRepositoriesUITests */,
			);
		};
/* End PBXProject section */

/* Begin PBXResourcesBuildPhase section */
		387124AA2B65C147001C319B /* Resources */ = {
			isa = PBXResourcesBuildPhase;
			buildActionMask = 2147483647;
			files = (
				387124B72B65C148001C319B /* Preview Assets.xcassets in Resources */,
				387124B42B65C148001C319B /* Assets.xcassets in Resources */,
			);
			runOnlyForDeploymentPostprocessing = 0;
		};
		387124BA2B65C148001C319B /* Resources */ = {
			isa = PBXResourcesBuildPhase;
			buildActionMask = 2147483647;
			files = (
				383E47782B6A9E0700CAA2C8 /* GetSearchResultsValidationFailedResponse.json in Resources */,
				383E477A2B6AE6F100CAA2C8 /* GetSearchResultsIncorrectResponse.json in Resources */,
				383E47762B6A5F8900CAA2C8 /* GetSearchResultsResponse.json in Resources */,
			);
			runOnlyForDeploymentPostprocessing = 0;
		};
		387124C42B65C148001C319B /* Resources */ = {
			isa = PBXResourcesBuildPhase;
			buildActionMask = 2147483647;
			files = (
			);
			runOnlyForDeploymentPostprocessing = 0;
		};
/* End PBXResourcesBuildPhase section */

/* Begin PBXSourcesBuildPhase section */
		387124A82B65C147001C319B /* Sources */ = {
			isa = PBXSourcesBuildPhase;
			buildActionMask = 2147483647;
			files = (
				38142E072B665F4B0060E328 /* GithubRepository.swift in Sources */,
				38142E152B6662060060E328 /* GetSearchResultsUseCase.swift in Sources */,
				38142E0A2B665FE30060E328 /* ApiDataSourceImplementation.swift in Sources */,
				3881FDBD2B67AFF600FEBB7F /* CircleAsyncImage.swift in Sources */,
				38142E132B66616E0060E328 /* RepositoryImplementation.swift in Sources */,
				38142DFE2B665A1E0060E328 /* Resolver.swift in Sources */,
				387124B22B65C147001C319B /* GithubRepositoriesView.swift in Sources */,
				387124B02B65C147001C319B /* GithubSearchRepositoriesApp.swift in Sources */,
				38142E0F2B6660DD0060E328 /* Repository.swift in Sources */,
				3881FDBA2B679D0E00FEBB7F /* PreviewGithubRepositories.swift in Sources */,
				38142E052B665DAE0060E328 /* ApiDataSource.swift in Sources */,
				38142DFF2B665A1E0060E328 /* Container+Data.swift in Sources */,
				38142E1D2B66E6560060E328 /* GithubRepositoriesViewModel.swift in Sources */,
				38142E002B665A1E0060E328 /* Container.swift in Sources */,
				38142E222B6715E30060E328 /* GithubRepositoryView.swift in Sources */,
				383E477C2B6AFC1700CAA2C8 /* RequestBuilder.swift in Sources */,
				38142DF72B6659C50060E328 /* ApiError.swift in Sources */,
				38142E192B6686F30060E328 /* GithubRepositoryWrapper.swift in Sources */,
				3881FDC12B68462400FEBB7F /* LoadingIndicatorView.swift in Sources */,
				38142DFD2B665A1E0060E328 /* Container+Domain.swift in Sources */,
				38142E1F2B6709B00060E328 /* PreviewGithubRepositoriesViewModel.swift in Sources */,
				38142E172B6678C20060E328 /* Owner.swift in Sources */,
				38142E112B66612C0060E328 /* GithubRepositoryEntity.swift in Sources */,
				383E477E2B6AFCC500CAA2C8 /* RequestBuilderImplementation.swift in Sources */,
				3881FDBF2B67CB6E00FEBB7F /* WebView.swift in Sources */,
			);
			runOnlyForDeploymentPostprocessing = 0;
		};
		387124B82B65C148001C319B /* Sources */ = {
			isa = PBXSourcesBuildPhase;
			buildActionMask = 2147483647;
			files = (
				387124C12B65C148001C319B /* RequestBuilderImplementationTests.swift in Sources */,
				383E47822B6B093100CAA2C8 /* RepositoryImplementationTests.swift in Sources */,
				388CCA022B6963FC00D983F3 /* MockURLProtocol.swift in Sources */,
				382E83D72B6BC0B600812563 /* MockResolver.swift in Sources */,
				383E47842B6B0A2400CAA2C8 /* GetSearchResultsUseCaseImplementationTests.swift in Sources */,
				388CCA042B69A9A600D983F3 /* MockResponseProvider.swift in Sources */,
				383E47802B6AFE1400CAA2C8 /* ApiDataSourceImplementationTests.swift in Sources */,
				382E83D32B6BA07900812563 /* GithubRepositoriesViewModelTests.swift in Sources */,
				382E83D52B6BBFD100812563 /* Container+Mock.swift in Sources */,
			);
			runOnlyForDeploymentPostprocessing = 0;
		};
		387124C22B65C148001C319B /* Sources */ = {
			isa = PBXSourcesBuildPhase;
			buildActionMask = 2147483647;
			files = (
				387124CB2B65C148001C319B /* GithubSearchRepositoriesUITests.swift in Sources */,
				387124CD2B65C148001C319B /* GithubSearchRepositoriesUITestsLaunchTests.swift in Sources */,
			);
			runOnlyForDeploymentPostprocessing = 0;
		};
/* End PBXSourcesBuildPhase section */

/* Begin PBXTargetDependency section */
		387124BE2B65C148001C319B /* PBXTargetDependency */ = {
			isa = PBXTargetDependency;
			target = 387124AB2B65C147001C319B /* GithubSearchRepositories */;
			targetProxy = 387124BD2B65C148001C319B /* PBXContainerItemProxy */;
		};
		387124C82B65C148001C319B /* PBXTargetDependency */ = {
			isa = PBXTargetDependency;
			target = 387124AB2B65C147001C319B /* GithubSearchRepositories */;
			targetProxy = 387124C72B65C148001C319B /* PBXContainerItemProxy */;
		};
/* End PBXTargetDependency section */

/* Begin XCBuildConfiguration section */
		387124CE2B65C148001C319B /* Debug */ = {
			isa = XCBuildConfiguration;
			buildSettings = {
				ALWAYS_SEARCH_USER_PATHS = NO;
				ASSETCATALOG_COMPILER_GENERATE_SWIFT_ASSET_SYMBOL_EXTENSIONS = YES;
				CLANG_ANALYZER_NONNULL = YES;
				CLANG_ANALYZER_NUMBER_OBJECT_CONVERSION = YES_AGGRESSIVE;
				CLANG_CXX_LANGUAGE_STANDARD = "gnu++20";
				CLANG_ENABLE_MODULES = YES;
				CLANG_ENABLE_OBJC_ARC = YES;
				CLANG_ENABLE_OBJC_WEAK = YES;
				CLANG_WARN_BLOCK_CAPTURE_AUTORELEASING = YES;
				CLANG_WARN_BOOL_CONVERSION = YES;
				CLANG_WARN_COMMA = YES;
				CLANG_WARN_CONSTANT_CONVERSION = YES;
				CLANG_WARN_DEPRECATED_OBJC_IMPLEMENTATIONS = YES;
				CLANG_WARN_DIRECT_OBJC_ISA_USAGE = YES_ERROR;
				CLANG_WARN_DOCUMENTATION_COMMENTS = YES;
				CLANG_WARN_EMPTY_BODY = YES;
				CLANG_WARN_ENUM_CONVERSION = YES;
				CLANG_WARN_INFINITE_RECURSION = YES;
				CLANG_WARN_INT_CONVERSION = YES;
				CLANG_WARN_NON_LITERAL_NULL_CONVERSION = YES;
				CLANG_WARN_OBJC_IMPLICIT_RETAIN_SELF = YES;
				CLANG_WARN_OBJC_LITERAL_CONVERSION = YES;
				CLANG_WARN_OBJC_ROOT_CLASS = YES_ERROR;
				CLANG_WARN_QUOTED_INCLUDE_IN_FRAMEWORK_HEADER = YES;
				CLANG_WARN_RANGE_LOOP_ANALYSIS = YES;
				CLANG_WARN_STRICT_PROTOTYPES = YES;
				CLANG_WARN_SUSPICIOUS_MOVE = YES;
				CLANG_WARN_UNGUARDED_AVAILABILITY = YES_AGGRESSIVE;
				CLANG_WARN_UNREACHABLE_CODE = YES;
				CLANG_WARN__DUPLICATE_METHOD_MATCH = YES;
				COPY_PHASE_STRIP = NO;
				DEBUG_INFORMATION_FORMAT = dwarf;
				ENABLE_STRICT_OBJC_MSGSEND = YES;
				ENABLE_TESTABILITY = YES;
				ENABLE_USER_SCRIPT_SANDBOXING = YES;
				GCC_C_LANGUAGE_STANDARD = gnu17;
				GCC_DYNAMIC_NO_PIC = NO;
				GCC_NO_COMMON_BLOCKS = YES;
				GCC_OPTIMIZATION_LEVEL = 0;
				GCC_PREPROCESSOR_DEFINITIONS = (
					"DEBUG=1",
					"$(inherited)",
				);
				GCC_WARN_64_TO_32_BIT_CONVERSION = YES;
				GCC_WARN_ABOUT_RETURN_TYPE = YES_ERROR;
				GCC_WARN_UNDECLARED_SELECTOR = YES;
				GCC_WARN_UNINITIALIZED_AUTOS = YES_AGGRESSIVE;
				GCC_WARN_UNUSED_FUNCTION = YES;
				GCC_WARN_UNUSED_VARIABLE = YES;
				IPHONEOS_DEPLOYMENT_TARGET = 17.2;
				LOCALIZATION_PREFERS_STRING_CATALOGS = YES;
				MTL_ENABLE_DEBUG_INFO = INCLUDE_SOURCE;
				MTL_FAST_MATH = YES;
				ONLY_ACTIVE_ARCH = YES;
				SDKROOT = iphoneos;
				SWIFT_ACTIVE_COMPILATION_CONDITIONS = "DEBUG $(inherited)";
				SWIFT_OPTIMIZATION_LEVEL = "-Onone";
			};
			name = Debug;
		};
		387124CF2B65C148001C319B /* Release */ = {
			isa = XCBuildConfiguration;
			buildSettings = {
				ALWAYS_SEARCH_USER_PATHS = NO;
				ASSETCATALOG_COMPILER_GENERATE_SWIFT_ASSET_SYMBOL_EXTENSIONS = YES;
				CLANG_ANALYZER_NONNULL = YES;
				CLANG_ANALYZER_NUMBER_OBJECT_CONVERSION = YES_AGGRESSIVE;
				CLANG_CXX_LANGUAGE_STANDARD = "gnu++20";
				CLANG_ENABLE_MODULES = YES;
				CLANG_ENABLE_OBJC_ARC = YES;
				CLANG_ENABLE_OBJC_WEAK = YES;
				CLANG_WARN_BLOCK_CAPTURE_AUTORELEASING = YES;
				CLANG_WARN_BOOL_CONVERSION = YES;
				CLANG_WARN_COMMA = YES;
				CLANG_WARN_CONSTANT_CONVERSION = YES;
				CLANG_WARN_DEPRECATED_OBJC_IMPLEMENTATIONS = YES;
				CLANG_WARN_DIRECT_OBJC_ISA_USAGE = YES_ERROR;
				CLANG_WARN_DOCUMENTATION_COMMENTS = YES;
				CLANG_WARN_EMPTY_BODY = YES;
				CLANG_WARN_ENUM_CONVERSION = YES;
				CLANG_WARN_INFINITE_RECURSION = YES;
				CLANG_WARN_INT_CONVERSION = YES;
				CLANG_WARN_NON_LITERAL_NULL_CONVERSION = YES;
				CLANG_WARN_OBJC_IMPLICIT_RETAIN_SELF = YES;
				CLANG_WARN_OBJC_LITERAL_CONVERSION = YES;
				CLANG_WARN_OBJC_ROOT_CLASS = YES_ERROR;
				CLANG_WARN_QUOTED_INCLUDE_IN_FRAMEWORK_HEADER = YES;
				CLANG_WARN_RANGE_LOOP_ANALYSIS = YES;
				CLANG_WARN_STRICT_PROTOTYPES = YES;
				CLANG_WARN_SUSPICIOUS_MOVE = YES;
				CLANG_WARN_UNGUARDED_AVAILABILITY = YES_AGGRESSIVE;
				CLANG_WARN_UNREACHABLE_CODE = YES;
				CLANG_WARN__DUPLICATE_METHOD_MATCH = YES;
				COPY_PHASE_STRIP = NO;
				DEBUG_INFORMATION_FORMAT = "dwarf-with-dsym";
				ENABLE_NS_ASSERTIONS = NO;
				ENABLE_STRICT_OBJC_MSGSEND = YES;
				ENABLE_USER_SCRIPT_SANDBOXING = YES;
				GCC_C_LANGUAGE_STANDARD = gnu17;
				GCC_NO_COMMON_BLOCKS = YES;
				GCC_WARN_64_TO_32_BIT_CONVERSION = YES;
				GCC_WARN_ABOUT_RETURN_TYPE = YES_ERROR;
				GCC_WARN_UNDECLARED_SELECTOR = YES;
				GCC_WARN_UNINITIALIZED_AUTOS = YES_AGGRESSIVE;
				GCC_WARN_UNUSED_FUNCTION = YES;
				GCC_WARN_UNUSED_VARIABLE = YES;
				IPHONEOS_DEPLOYMENT_TARGET = 17.2;
				LOCALIZATION_PREFERS_STRING_CATALOGS = YES;
				MTL_ENABLE_DEBUG_INFO = NO;
				MTL_FAST_MATH = YES;
				SDKROOT = iphoneos;
				SWIFT_COMPILATION_MODE = wholemodule;
				VALIDATE_PRODUCT = YES;
			};
			name = Release;
		};
		387124D12B65C148001C319B /* Debug */ = {
			isa = XCBuildConfiguration;
			buildSettings = {
				ASSETCATALOG_COMPILER_APPICON_NAME = AppIcon;
				ASSETCATALOG_COMPILER_GLOBAL_ACCENT_COLOR_NAME = AccentColor;
				CODE_SIGN_STYLE = Automatic;
				CURRENT_PROJECT_VERSION = 1;
				DEVELOPMENT_ASSET_PATHS = "\"GithubSearchRepositories/Preview Content\"";
				DEVELOPMENT_TEAM = 8VWM8F499A;
				ENABLE_PREVIEWS = YES;
				GENERATE_INFOPLIST_FILE = YES;
				INFOPLIST_KEY_CFBundleDisplayName = GithubSearchRepositories;
				INFOPLIST_KEY_UIApplicationSceneManifest_Generation = YES;
				INFOPLIST_KEY_UIApplicationSupportsIndirectInputEvents = YES;
				INFOPLIST_KEY_UILaunchScreen_Generation = YES;
				INFOPLIST_KEY_UISupportedInterfaceOrientations = UIInterfaceOrientationPortrait;
				INFOPLIST_KEY_UISupportedInterfaceOrientations_iPad = "UIInterfaceOrientationLandscapeLeft UIInterfaceOrientationLandscapeRight UIInterfaceOrientationPortrait UIInterfaceOrientationPortraitUpsideDown";
				LD_RUNPATH_SEARCH_PATHS = (
					"$(inherited)",
					"@executable_path/Frameworks",
				);
				MARKETING_VERSION = 1.0;
				PRODUCT_BUNDLE_IDENTIFIER = com.danielnovak.GithubSearchRepositories;
				PRODUCT_NAME = "$(TARGET_NAME)";
				SUPPORTED_PLATFORMS = "iphoneos iphonesimulator";
				SUPPORTS_MACCATALYST = NO;
				SUPPORTS_MAC_DESIGNED_FOR_IPHONE_IPAD = NO;
				SUPPORTS_XR_DESIGNED_FOR_IPHONE_IPAD = NO;
				SWIFT_EMIT_LOC_STRINGS = YES;
				SWIFT_VERSION = 5.0;
				TARGETED_DEVICE_FAMILY = 1;
			};
			name = Debug;
		};
		387124D22B65C148001C319B /* Release */ = {
			isa = XCBuildConfiguration;
			buildSettings = {
				ASSETCATALOG_COMPILER_APPICON_NAME = AppIcon;
				ASSETCATALOG_COMPILER_GLOBAL_ACCENT_COLOR_NAME = AccentColor;
				CODE_SIGN_STYLE = Automatic;
				CURRENT_PROJECT_VERSION = 1;
				DEVELOPMENT_ASSET_PATHS = "\"GithubSearchRepositories/Preview Content\"";
				DEVELOPMENT_TEAM = 8VWM8F499A;
				ENABLE_PREVIEWS = YES;
				GENERATE_INFOPLIST_FILE = YES;
				INFOPLIST_KEY_CFBundleDisplayName = GithubSearchRepositories;
				INFOPLIST_KEY_UIApplicationSceneManifest_Generation = YES;
				INFOPLIST_KEY_UIApplicationSupportsIndirectInputEvents = YES;
				INFOPLIST_KEY_UILaunchScreen_Generation = YES;
				INFOPLIST_KEY_UISupportedInterfaceOrientations = UIInterfaceOrientationPortrait;
				INFOPLIST_KEY_UISupportedInterfaceOrientations_iPad = "UIInterfaceOrientationLandscapeLeft UIInterfaceOrientationLandscapeRight UIInterfaceOrientationPortrait UIInterfaceOrientationPortraitUpsideDown";
				LD_RUNPATH_SEARCH_PATHS = (
					"$(inherited)",
					"@executable_path/Frameworks",
				);
				MARKETING_VERSION = 1.0;
				PRODUCT_BUNDLE_IDENTIFIER = com.danielnovak.GithubSearchRepositories;
				PRODUCT_NAME = "$(TARGET_NAME)";
				SUPPORTED_PLATFORMS = "iphoneos iphonesimulator";
				SUPPORTS_MACCATALYST = NO;
				SUPPORTS_MAC_DESIGNED_FOR_IPHONE_IPAD = NO;
				SUPPORTS_XR_DESIGNED_FOR_IPHONE_IPAD = NO;
				SWIFT_EMIT_LOC_STRINGS = YES;
				SWIFT_VERSION = 5.0;
				TARGETED_DEVICE_FAMILY = 1;
			};
			name = Release;
		};
		387124D42B65C148001C319B /* Debug */ = {
			isa = XCBuildConfiguration;
			buildSettings = {
				ALWAYS_EMBED_SWIFT_STANDARD_LIBRARIES = YES;
				BUNDLE_LOADER = "$(TEST_HOST)";
				CODE_SIGN_STYLE = Automatic;
				CURRENT_PROJECT_VERSION = 1;
				DEVELOPMENT_TEAM = 8VWM8F499A;
				GENERATE_INFOPLIST_FILE = YES;
				IPHONEOS_DEPLOYMENT_TARGET = 17.2;
				MARKETING_VERSION = 1.0;
				PRODUCT_BUNDLE_IDENTIFIER = com.danielnovak.GithubSearchRepositoriesTests;
				PRODUCT_NAME = "$(TARGET_NAME)";
				SWIFT_EMIT_LOC_STRINGS = NO;
				SWIFT_VERSION = 5.0;
				TARGETED_DEVICE_FAMILY = "1,2";
				TEST_HOST = "$(BUILT_PRODUCTS_DIR)/GithubSearchRepositories.app/$(BUNDLE_EXECUTABLE_FOLDER_PATH)/GithubSearchRepositories";
			};
			name = Debug;
		};
		387124D52B65C148001C319B /* Release */ = {
			isa = XCBuildConfiguration;
			buildSettings = {
				ALWAYS_EMBED_SWIFT_STANDARD_LIBRARIES = YES;
				BUNDLE_LOADER = "$(TEST_HOST)";
				CODE_SIGN_STYLE = Automatic;
				CURRENT_PROJECT_VERSION = 1;
				DEVELOPMENT_TEAM = 8VWM8F499A;
				GENERATE_INFOPLIST_FILE = YES;
				IPHONEOS_DEPLOYMENT_TARGET = 17.2;
				MARKETING_VERSION = 1.0;
				PRODUCT_BUNDLE_IDENTIFIER = com.danielnovak.GithubSearchRepositoriesTests;
				PRODUCT_NAME = "$(TARGET_NAME)";
				SWIFT_EMIT_LOC_STRINGS = NO;
				SWIFT_VERSION = 5.0;
				TARGETED_DEVICE_FAMILY = "1,2";
				TEST_HOST = "$(BUILT_PRODUCTS_DIR)/GithubSearchRepositories.app/$(BUNDLE_EXECUTABLE_FOLDER_PATH)/GithubSearchRepositories";
			};
			name = Release;
		};
		387124D72B65C148001C319B /* Debug */ = {
			isa = XCBuildConfiguration;
			buildSettings = {
				ALWAYS_EMBED_SWIFT_STANDARD_LIBRARIES = YES;
				CODE_SIGN_STYLE = Automatic;
				CURRENT_PROJECT_VERSION = 1;
				DEVELOPMENT_TEAM = 8VWM8F499A;
				GENERATE_INFOPLIST_FILE = YES;
				MARKETING_VERSION = 1.0;
				PRODUCT_BUNDLE_IDENTIFIER = com.danielnovak.GithubSearchRepositoriesUITests;
				PRODUCT_NAME = "$(TARGET_NAME)";
				SWIFT_EMIT_LOC_STRINGS = NO;
				SWIFT_VERSION = 5.0;
				TARGETED_DEVICE_FAMILY = "1,2";
				TEST_TARGET_NAME = GithubSearchRepositories;
			};
			name = Debug;
		};
		387124D82B65C148001C319B /* Release */ = {
			isa = XCBuildConfiguration;
			buildSettings = {
				ALWAYS_EMBED_SWIFT_STANDARD_LIBRARIES = YES;
				CODE_SIGN_STYLE = Automatic;
				CURRENT_PROJECT_VERSION = 1;
				DEVELOPMENT_TEAM = 8VWM8F499A;
				GENERATE_INFOPLIST_FILE = YES;
				MARKETING_VERSION = 1.0;
				PRODUCT_BUNDLE_IDENTIFIER = com.danielnovak.GithubSearchRepositoriesUITests;
				PRODUCT_NAME = "$(TARGET_NAME)";
				SWIFT_EMIT_LOC_STRINGS = NO;
				SWIFT_VERSION = 5.0;
				TARGETED_DEVICE_FAMILY = "1,2";
				TEST_TARGET_NAME = GithubSearchRepositories;
			};
			name = Release;
		};
/* End XCBuildConfiguration section */

/* Begin XCConfigurationList section */
		387124A72B65C147001C319B /* Build configuration list for PBXProject "GithubSearchRepositories" */ = {
			isa = XCConfigurationList;
			buildConfigurations = (
				387124CE2B65C148001C319B /* Debug */,
				387124CF2B65C148001C319B /* Release */,
			);
			defaultConfigurationIsVisible = 0;
			defaultConfigurationName = Release;
		};
		387124D02B65C148001C319B /* Build configuration list for PBXNativeTarget "GithubSearchRepositories" */ = {
			isa = XCConfigurationList;
			buildConfigurations = (
				387124D12B65C148001C319B /* Debug */,
				387124D22B65C148001C319B /* Release */,
			);
			defaultConfigurationIsVisible = 0;
			defaultConfigurationName = Release;
		};
		387124D32B65C148001C319B /* Build configuration list for PBXNativeTarget "GithubSearchRepositoriesTests" */ = {
			isa = XCConfigurationList;
			buildConfigurations = (
				387124D42B65C148001C319B /* Debug */,
				387124D52B65C148001C319B /* Release */,
			);
			defaultConfigurationIsVisible = 0;
			defaultConfigurationName = Release;
		};
		387124D62B65C148001C319B /* Build configuration list for PBXNativeTarget "GithubSearchRepositoriesUITests" */ = {
			isa = XCConfigurationList;
			buildConfigurations = (
				387124D72B65C148001C319B /* Debug */,
				387124D82B65C148001C319B /* Release */,
			);
			defaultConfigurationIsVisible = 0;
			defaultConfigurationName = Release;
		};
/* End XCConfigurationList section */
	};
	rootObject = 387124A42B65C147001C319B /* Project object */;
}
